# THIS IS AN AUTOGENERATED FILE. DO NOT EDIT THIS FILE DIRECTLY.
# yarn lockfile v1


"typed.js@git+https://github.com/mattboldt/typed.js.git":
  version "2.0.11"
  resolved "git+https://github.com/mattboldt/typed.js.git#950d4527ce82c565cf248961f7c476ed7d225ae7"

vue-typed-js@^0.1.2:
  version "0.1.2"
  resolved "https://registry.yarnpkg.com/vue-typed-js/-/vue-typed-js-0.1.2.tgz#afc38972675314c37df6de91daf870f6860024ca"
  integrity sha512-9kDGuz17uYJghe/1hepRWiWYssgUFtrKnMGPHlWjVRxdvs/d9xYYWMkgzztjhx1R1B33hXkN8ctmkzCYHQ+caA==
  dependencies:
    typed.js "git+https://github.com/mattboldt/typed.js.git"
